
Microsoft Visual Studio Solution File, Format Version 12.00
# Visual Studio Version 16
VisualStudioVersion = 16.0.31702.278
MinimumVisualStudioVersion = 10.0.40219.1
Project("{FAE04EC0-301F-11D3-BF4B-00C04F79EFBC}") = "LineBotThuIm", "LineBotThuIm.csproj", "{8495BCC1-63F8-48FB-9422-4AF3761BD0E5}"
EndProject
Global
	GlobalSection(SolutionConfigurationPlatforms) = preSolution
		Debug|Any CPU = Debug|Any CPU
		Release|Any CPU = Release|Any CPU
	EndGlobalSection
	GlobalSection(ProjectConfigurationPlatforms) = postSolution
		{8495BCC1-63F8-48FB-9422-4AF3761BD0E5}.Debug|Any CPU.ActiveCfg = Debug|Any CPU
		{8495BCC1-63F8-48FB-9422-4AF3761BD0E5}.Debug|Any CPU.Build.0 = Debug|Any CPU
		{8495BCC1-63F8-48FB-9422-4AF3761BD0E5}.Release|Any CPU.ActiveCfg = Release|Any CPU
		{8495BCC1-63F8-48FB-9422-4AF3761BD0E5}.Release|Any CPU.Build.0 = Release|Any CPU
	EndGlobalSection
	GlobalSection(SolutionProperties) = preSolution
		HideSolutionNode = FALSE
	EndGlobalSection
	GlobalSection(ExtensibilityGlobals) = postSolution
		SolutionGuid = {1C68E6BF-54A8-4C60-BE26-ECA4C7E015A1}
	EndGlobalSection
EndGlobal
